{
  "name": "FTP",
  "lockfileVersion": 2,
  "requires": true,
  "packages": {
    "": {
      "dependencies": {
        "basic-ftp": "^5.0.2",
        "date-and-time": "^2.4.3",
        "fs": "^0.0.1-security",
        "nodemailer": "^6.9.1"
      }
    },
    "node_modules/basic-ftp": {
      "version": "5.0.2",
      "resolved": "https://registry.npmjs.org/basic-ftp/-/basic-ftp-5.0.2.tgz",
      "integrity": "sha512-NgkBwqp7rkhIUBaxLwL601lvUuBUvShJocrLYdiyTsH1WeP/wofMdooZ4p6hz+4hqiU59PBOj0EkaqELwFJLuQ==",
      "engines": {
        "node": ">=10.0.0"
      }
    },
    "node_modules/date-and-time": {
      "version": "2.4.3",
      "resolved": "https://registry.npmjs.org/date-and-time/-/date-and-time-2.4.3.tgz",
      "integrity": "sha512-xkS/imTmsyEdpp9ie5oV5UWolg3XkYWNySbT2W4ESWr6v4V8YrsHbhpk9fIeQcr0NFTnYbQJLXlgU1zrLItysA=="
    },
    "node_modules/fs": {
      "version": "0.0.1-security",
      "resolved": "https://registry.npmjs.org/fs/-/fs-0.0.1-security.tgz",
      "integrity": "sha512-3XY9e1pP0CVEUCdj5BmfIZxRBTSDycnbqhIOGec9QYtmVH2fbLpj86CFWkrNOkt/Fvty4KZG5lTglL9j/gJ87w=="
    },
    "node_modules/nodemailer": {
      "version": "6.9.1",
      "resolved": "https://registry.npmjs.org/nodemailer/-/nodemailer-6.9.1.tgz",
      "integrity": "sha512-qHw7dOiU5UKNnQpXktdgQ1d3OFgRAekuvbJLcdG5dnEo/GtcTHRYM7+UfJARdOFU9WUQO8OiIamgWPmiSFHYAA==",
      "engines": {
        "node": ">=6.0.0"
      }
    }
  },
  "dependencies": {
    "basic-ftp": {
      "version": "5.0.2",
      "resolved": "https://registry.npmjs.org/basic-ftp/-/basic-ftp-5.0.2.tgz",
      "integrity": "sha512-NgkBwqp7rkhIUBaxLwL601lvUuBUvShJocrLYdiyTsH1WeP/wofMdooZ4p6hz+4hqiU59PBOj0EkaqELwFJLuQ=="
    },
    "date-and-time": {
      "version": "2.4.3",
      "resolved": "https://registry.npmjs.org/date-and-time/-/date-and-time-2.4.3.tgz",
      "integrity": "sha512-xkS/imTmsyEdpp9ie5oV5UWolg3XkYWNySbT2W4ESWr6v4V8YrsHbhpk9fIeQcr0NFTnYbQJLXlgU1zrLItysA=="
    },
    "fs": {
      "version": "0.0.1-security",
      "resolved": "https://registry.npmjs.org/fs/-/fs-0.0.1-security.tgz",
      "integrity": "sha512-3XY9e1pP0CVEUCdj5BmfIZxRBTSDycnbqhIOGec9QYtmVH2fbLpj86CFWkrNOkt/Fvty4KZG5lTglL9j/gJ87w=="
    },
    "nodemailer": {
      "version": "6.9.1",
      "resolved": "https://registry.npmjs.org/nodemailer/-/nodemailer-6.9.1.tgz",
      "integrity": "sha512-qHw7dOiU5UKNnQpXktdgQ1d3OFgRAekuvbJLcdG5dnEo/GtcTHRYM7+UfJARdOFU9WUQO8OiIamgWPmiSFHYAA=="
    }
  }
}
